
Microsoft Visual Studio Solution File, Format Version 12.00
# Visual Studio Version 17
VisualStudioVersion = 17.5.002.0
MinimumVisualStudioVersion = 10.0.40219.1
Project("{9A19103F-16F7-4668-BE54-9A1E7A4F7556}") = "myfinance-web-dotnet", "myfinance-web-dotnet\myfinance-web-dotnet.csproj", "{CCA32F4F-25BA-4945-97FC-C5D881FC3D24}"
EndProject
Project("{9A19103F-16F7-4668-BE54-9A1E7A4F7556}") = "myfinance-web-dotnet-domain", "myfinance-web-dotnet-domain\myfinance-web-dotnet-domain.csproj", "{1835065B-EFDC-425E-94AA-248AA771AE5C}"
EndProject
Project("{9A19103F-16F7-4668-BE54-9A1E7A4F7556}") = "myfinance-web-dotnet-infra", "myfinance-web-dotnet-infra\myfinance-web-dotnet-infra.csproj", "{D6AB3D9D-FD5A-418E-88E8-43D827F86E7C}"
EndProject
Project("{9A19103F-16F7-4668-BE54-9A1E7A4F7556}") = "myfinance-web-dotnet-service", "myfinance-web-dotnet-service\myfinance-web-dotnet-service.csproj", "{1C341B71-7055-4074-B5D0-9BA566706A7E}"
EndProject
Global
	GlobalSection(SolutionConfigurationPlatforms) = preSolution
		Debug|Any CPU = Debug|Any CPU
		Release|Any CPU = Release|Any CPU
	EndGlobalSection
	GlobalSection(ProjectConfigurationPlatforms) = postSolution
		{CCA32F4F-25BA-4945-97FC-C5D881FC3D24}.Debug|Any CPU.ActiveCfg = Debug|Any CPU
		{CCA32F4F-25BA-4945-97FC-C5D881FC3D24}.Debug|Any CPU.Build.0 = Debug|Any CPU
		{CCA32F4F-25BA-4945-97FC-C5D881FC3D24}.Release|Any CPU.ActiveCfg = Release|Any CPU
		{CCA32F4F-25BA-4945-97FC-C5D881FC3D24}.Release|Any CPU.Build.0 = Release|Any CPU
		{1835065B-EFDC-425E-94AA-248AA771AE5C}.Debug|Any CPU.ActiveCfg = Debug|Any CPU
		{1835065B-EFDC-425E-94AA-248AA771AE5C}.Debug|Any CPU.Build.0 = Debug|Any CPU
		{1835065B-EFDC-425E-94AA-248AA771AE5C}.Release|Any CPU.ActiveCfg = Release|Any CPU
		{1835065B-EFDC-425E-94AA-248AA771AE5C}.Release|Any CPU.Build.0 = Release|Any CPU
		{D6AB3D9D-FD5A-418E-88E8-43D827F86E7C}.Debug|Any CPU.ActiveCfg = Debug|Any CPU
		{D6AB3D9D-FD5A-418E-88E8-43D827F86E7C}.Debug|Any CPU.Build.0 = Debug|Any CPU
		{D6AB3D9D-FD5A-418E-88E8-43D827F86E7C}.Release|Any CPU.ActiveCfg = Release|Any CPU
		{D6AB3D9D-FD5A-418E-88E8-43D827F86E7C}.Release|Any CPU.Build.0 = Release|Any CPU
		{1C341B71-7055-4074-B5D0-9BA566706A7E}.Debug|Any CPU.ActiveCfg = Debug|Any CPU
		{1C341B71-7055-4074-B5D0-9BA566706A7E}.Debug|Any CPU.Build.0 = Debug|Any CPU
		{1C341B71-7055-4074-B5D0-9BA566706A7E}.Release|Any CPU.ActiveCfg = Release|Any CPU
		{1C341B71-7055-4074-B5D0-9BA566706A7E}.Release|Any CPU.Build.0 = Release|Any CPU
	EndGlobalSection
	GlobalSection(SolutionProperties) = preSolution
		HideSolutionNode = FALSE
	EndGlobalSection
	GlobalSection(ExtensibilityGlobals) = postSolution
		SolutionGuid = {A7A79648-A2DA-49FD-8632-192962656B41}
	EndGlobalSection
EndGlobal
